{
  "requires": true,
  "lockfileVersion": 1,
  "dependencies": {
    "jquery": {
      "version": "3.3.1",
      "resolved": "https://registry.npmjs.org/jquery/-/jquery-3.3.1.tgz",
      "integrity": "sha512-Ubldcmxp5np52/ENotGxlLe6aGMvmF4R8S6tZjsP6Knsaxd/xp3Zrh50cG93lR6nPXyUFwzN3ZSOQI0wRJNdGg=="
    },
    "typeit": {
      "version": "5.10.1",
      "resolved": "https://registry.npmjs.org/typeit/-/typeit-5.10.1.tgz",
      "integrity": "sha512-A5dSbEZWq9BF1B/Awy3r+B0AdYOUfRbnDUD6HJJFNz9k31o8501v5RDg2X4BisZw3s/emFOXNSHa8duLHccCCA=="
    }
  }
}
